// !$*UTF8*$!
{
	archiveVersion = 1;
	classes = {
	};
	objectVersion = 46;
	objects = {

/* Begin PBXBuildFile section */
		FCD7C1651CCD0A9A00E2D986 /* AppDelegate.swift in Sources */ = {isa = PBXBuildFile; fileRef = FCD7C1641CCD0A9A00E2D986 /* AppDelegate.swift */; };
		FCD7C1671CCD0A9A00E2D986 /* ViewController.swift in Sources */ = {isa = PBXBuildFile; fileRef = FCD7C1661CCD0A9A00E2D986 /* ViewController.swift */; };
		FCD7C16A1CCD0A9A00E2D986 /* Main.storyboard in Resources */ = {isa = PBXBuildFile; fileRef = FCD7C1681CCD0A9A00E2D986 /* Main.storyboard */; };
		FCD7C16C1CCD0A9A00E2D986 /* Assets.xcassets in Resources */ = {isa = PBXBuildFile; fileRef = FCD7C16B1CCD0A9A00E2D986 /* Assets.xcassets */; };
		FCD7C16F1CCD0A9A00E2D986 /* LaunchScreen.storyboard in Resources */ = {isa = PBXBuildFile; fileRef = FCD7C16D1CCD0A9A00E2D986 /* LaunchScreen.storyboard */; };
/* End PBXBuildFile section */

/* Begin PBXFileReference section */
		FCD7C1611CCD0A9A00E2D986 /* LongPressAnimation.app */ = {isa = PBXFileReference; explicitFileType = wrapper.application; includeInIndex = 0; path = LongPressAnimation.app; sourceTree = BUILT_PRODUCTS_DIR; };
		FCD7C1641CCD0A9A00E2D986 /* AppDelegate.swift */ = {isa = PBXFileReference; lastKnownFileType = sourcecode.swift; path = AppDelegate.swift; sourceTree = "<group>"; };
		FCD7C1661CCD0A9A00E2D986 /* ViewController.swift */ = {isa = PBXFileReference; lastKnownFileType = sourcecode.swift; path = ViewController.swift; sourceTree = "<group>"; };
		FCD7C1691CCD0A9A00E2D986 /* Base */ = {isa = PBXFileReference; lastKnownFileType = file.storyboard; name = Base; path = Base.lproj/Main.storyboard; sourceTree = "<group>"; };
		FCD7C16B1CCD0A9A00E2D986 /* Assets.xcassets */ = {isa = PBXFileReference; lastKnownFileType = folder.assetcatalog; path = Assets.xcassets; sourceTree = "<group>"; };
		FCD7C16E1CCD0A9A00E2D986 /* Base */ = {isa = PBXFileReference; lastKnownFileType = file.storyboard; name = Base; path = Base.lproj/LaunchScreen.storyboard; sourceTree = "<group>"; };
		FCD7C1701CCD0A9A00E2D986 /* Info.plist */ = {isa = PBXFileReference; lastKnownFileType = text.plist.xml; path = Info.plist; sourceTree = "<group>"; };
/* End PBXFileReference section */

/* Begin PBXFrameworksBuildPhase section */
		FCD7C15E1CCD0A9A00E2D986 /* Frameworks */ = {
			isa = PBXFrameworksBuildPhase;
			buildActionMask = 2147483647;
			files = (
			);
			runOnlyForDeploymentPostprocessing = 0;
		};
/* End PBXFrameworksBuildPhase section */

/* Begin PBXGroup section */
		FCD7C1581CCD0A9A00E2D986 = {
			isa = PBXGroup;
			children = (
				FCD7C1631CCD0A9A00E2D986 /* LongPressAnimation */,
				FCD7C1621CCD0A9A00E2D986 /* Products */,
			);
			sourceTree = "<group>";
		};
		FCD7C1621CCD0A9A00E2D986 /* Products */ = {
			isa = PBXGroup;
			children = (
				FCD7C1611CCD0A9A00E2D986 /* LongPressAnimation.app */,
			);
			name = Products;
			sourceTree = "<group>";
		};
		FCD7C1631CCD0A9A00E2D986 /* LongPressAnimation */ = {
			isa = PBXGroup;
			children = (
				FCD7C1641CCD0A9A00E2D986 /* AppDelegate.swift */,
				FCD7C1661CCD0A9A00E2D986 /* ViewController.swift */,
				FCD7C1681CCD0A9A00E2D986 /* Main.storyboard */,
				FCD7C16B1CCD0A9A00E2D986 /* Assets.xcassets */,
				FCD7C16D1CCD0A9A00E2D986 /* LaunchScreen.storyboard */,
				FCD7C1701CCD0A9A00E2D986 /* Info.plist */,
			);
			path = LongPressAnimation;
			sourceTree = "<group>";
		};
/* End PBXGroup section */

/* Begin PBXNativeTarget section */
		FCD7C1601CCD0A9A00E2D986 /* LongPressAnimation */ = {
			isa = PBXNativeTarget;
			buildConfigurationList = FCD7C1731CCD0A9A00E2D986 /* Build configuration list for PBXNativeTarget "LongPressAnimation" */;
			buildPhases = (
				FCD7C15D1CCD0A9A00E2D986 /* Sources */,
				FCD7C15E1CCD0A9A00E2D986 /* Frameworks */,
				FCD7C15F1CCD0A9A00E2D986 /* Resources */,
			);
			buildRules = (
			);
			dependencies = (
			);
			name = LongPressAnimation;
			productName = LongPressAnimation;
			productReference = FCD7C1611CCD0A9A00E2D986 /* LongPressAnimation.app */;
			productType = "com.apple.product-type.application";
		};
/* End PBXNativeTarget section */

/* Begin PBXProject section */
		FCD7C1591CCD0A9A00E2D986 /* Project object */ = {
			isa = PBXProject;
			attributes = {
				LastSwiftUpdateCheck = 0720;
				LastUpgradeCheck = 0720;
				TargetAttributes = {
					FCD7C1601CCD0A9A00E2D986 = {
						CreatedOnToolsVersion = 7.2;
					};
				};
			};
			buildConfigurationList = FCD7C15C1CCD0A9A00E2D986 /* Build configuration list for PBXProject "LongPressAnimation" */;
			compatibilityVersion = "Xcode 3.2";
			developmentRegion = English;
			hasScannedForEncodings = 0;
			knownRegions = (
				en,
				Base,
			);
			mainGroup = FCD7C1581CCD0A9A00E2D986;
			productRefGroup = FCD7C1621CCD0A9A00E2D986 /* Products */;
			projectDirPath = "";
			projectRoot = "";
			targets = (
				FCD7C1601CCD0A9A00E2D986 /* LongPressAnimation */,
			);
		};
/* End PBXProject section */

/* Begin PBXResourcesBuildPhase section */
		FCD7C15F1CCD0A9A00E2D986 /* Resources */ = {
			isa = PBXResourcesBuildPhase;
			buildActionMask = 2147483647;
			files = (
				FCD7C16F1CCD0A9A00E2D986 /* LaunchScreen.storyboard in Resources */,
				FCD7C16C1CCD0A9A00E2D986 /* Assets.xcassets in Resources */,
				FCD7C16A1CCD0A9A00E2D986 /* Main.storyboard in Resources */,
			);
			runOnlyForDeploymentPostprocessing = 0;
		};
/* End PBXResourcesBuildPhase section */

/* Begin PBXSourcesBuildPhase section */
		FCD7C15D1CCD0A9A00E2D986 /* Sources */ = {
			isa = PBXSourcesBuildPhase;
			buildActionMask = 2147483647;
			files = (
				FCD7C1671CCD0A9A00E2D986 /* ViewController.swift in Sources */,
				FCD7C1651CCD0A9A00E2D986 /* AppDelegate.swift in Sources */,
			);
			runOnlyForDeploymentPostprocessing = 0;
		};
/* End PBXSourcesBuildPhase section */

/* Begin PBXVariantGroup section */
		FCD7C1681CCD0A9A00E2D986 /* Main.storyboard */ = {
			isa = PBXVariantGroup;
			children = (
				FCD7C1691CCD0A9A00E2D986 /* Base */,
			);
			name = Main.storyboard;
			sourceTree = "<group>";
		};
		FCD7C16D1CCD0A9A00E2D986 /* LaunchScreen.storyboard */ = {
			isa = PBXVariantGroup;
			children = (
				FCD7C16E1CCD0A9A00E2D986 /* Base */,
			);
			name = LaunchScreen.storyboard;
			sourceTree = "<group>";
		};
/* End PBXVariantGroup section */

/* Begin XCBuildConfiguration section */
		FCD7C1711CCD0A9A00E2D986 /* Debug */ = {
			isa = XCBuildConfiguration;
			buildSettings = {
				ALWAYS_SEARCH_USER_PATHS = NO;
				CLANG_CXX_LANGUAGE_STANDARD = "gnu++0x";
				CLANG_CXX_LIBRARY = "libc++";
				CLANG_ENABLE_MODULES = YES;
				CLANG_ENABLE_OBJC_ARC = YES;
				CLANG_WARN_BOOL_CONVERSION = YES;
				CLANG_WARN_CONSTANT_CONVERSION = YES;
				CLANG_WARN_DIRECT_OBJC_ISA_USAGE = YES_ERROR;
				CLANG_WARN_EMPTY_BODY = YES;
				CLANG_WARN_ENUM_CONVERSION = YES;
				CLANG_WARN_INT_CONVERSION = YES;
				CLANG_WARN_OBJC_ROOT_CLASS = YES_ERROR;
				CLANG_WARN_UNREACHABLE_CODE = YES;
				CLANG_WARN__DUPLICATE_METHOD_MATCH = YES;
				"CODE_SIGN_IDENTITY[sdk=iphoneos*]" = "iPhone Developer";
				COPY_PHASE_STRIP = NO;
				DEBUG_INFORMATION_FORMAT = dwarf;
				ENABLE_STRICT_OBJC_MSGSEND = YES;
				ENABLE_TESTABILITY = YES;
				GCC_C_LANGUAGE_STANDARD = gnu99;
				GCC_DYNAMIC_NO_PIC = NO;
				GCC_NO_COMMON_BLOCKS = YES;
				GCC_OPTIMIZATION_LEVEL = 0;
				GCC_PREPROCESSOR_DEFINITIONS = (
					"DEBUG=1",
					"$(inherited)",
				);
				GCC_WARN_64_TO_32_BIT_CONVERSION = YES;
				GCC_WARN_ABOUT_RETURN_TYPE = YES_ERROR;
				GCC_WARN_UNDECLARED_SELECTOR = YES;
				GCC_WARN_UNINITIALIZED_AUTOS = YES_AGGRESSIVE;
				GCC_WARN_UNUSED_FUNCTION = YES;
				GCC_WARN_UNUSED_VARIABLE = YES;
				IPHONEOS_DEPLOYMENT_TARGET = 9.0;
				MTL_ENABLE_DEBUG_INFO = YES;
				ONLY_ACTIVE_ARCH = YES;
				SDKROOT = iphoneos;
				SWIFT_OPTIMIZATION_LEVEL = "-Onone";
			};
			name = Debug;
		};
		FCD7C1721CCD0A9A00E2D986 /* Release */ = {
			isa = XCBuildConfiguration;
			buildSettings = {
				ALWAYS_SEARCH_USER_PATHS = NO;
				CLANG_CXX_LANGUAGE_STANDARD = "gnu++0x";
				CLANG_CXX_LIBRARY = "libc++";
				CLANG_ENABLE_MODULES = YES;
				CLANG_ENABLE_OBJC_ARC = YES;
				CLANG_WARN_BOOL_CONVERSION = YES;
				CLANG_WARN_CONSTANT_CONVERSION = YES;
				CLANG_WARN_DIRECT_OBJC_ISA_USAGE = YES_ERROR;
				CLANG_WARN_EMPTY_BODY = YES;
				CLANG_WARN_ENUM_CONVERSION = YES;
				CLANG_WARN_INT_CONVERSION = YES;
				CLANG_WARN_OBJC_ROOT_CLASS = YES_ERROR;
				CLANG_WARN_UNREACHABLE_CODE = YES;
				CLANG_WARN__DUPLICATE_METHOD_MATCH = YES;
				"CODE_SIGN_IDENTITY[sdk=iphoneos*]" = "iPhone Developer";
				COPY_PHASE_STRIP = NO;
				DEBUG_INFORMATION_FORMAT = "dwarf-with-dsym";
				ENABLE_NS_ASSERTIONS = NO;
				ENABLE_STRICT_OBJC_MSGSEND = YES;
				GCC_C_LANGUAGE_STANDARD = gnu99;
				GCC_NO_COMMON_BLOCKS = YES;
				GCC_WARN_64_TO_32_BIT_CONVERSION = YES;
				GCC_WARN_ABOUT_RETURN_TYPE = YES_ERROR;
				GCC_WARN_UNDECLARED_SELECTOR = YES;
				GCC_WARN_UNINITIALIZED_AUTOS = YES_AGGRESSIVE;
				GCC_WARN_UNUSED_FUNCTION = YES;
				GCC_WARN_UNUSED_VARIABLE = YES;
				IPHONEOS_DEPLOYMENT_TARGET = 9.0;
				MTL_ENABLE_DEBUG_INFO = NO;
				SDKROOT = iphoneos;
				VALIDATE_PRODUCT = YES;
			};
			name = Release;
		};
		FCD7C1741CCD0A9A00E2D986 /* Debug */ = {
			isa = XCBuildConfiguration;
			buildSettings = {
				ASSETCATALOG_COMPILER_APPICON_NAME = AppIcon;
				INFOPLIST_FILE = LongPressAnimation/Info.plist;
				LD_RUNPATH_SEARCH_PATHS = "$(inherited) @executable_path/Frameworks";
				PRODUCT_BUNDLE_IDENTIFIER = primekrieger.LongPressAnimation;
				PRODUCT_NAME = "$(TARGET_NAME)";
			};
			name = Debug;
		};
		FCD7C1751CCD0A9A00E2D986 /* Release */ = {
			isa = XCBuildConfiguration;
			buildSettings = {
				ASSETCATALOG_COMPILER_APPICON_NAME = AppIcon;
				INFOPLIST_FILE = LongPressAnimation/Info.plist;
				LD_RUNPATH_SEARCH_PATHS = "$(inherited) @executable_path/Frameworks";
				PRODUCT_BUNDLE_IDENTIFIER = primekrieger.LongPressAnimation;
				PRODUCT_NAME = "$(TARGET_NAME)";
			};
			name = Release;
		};
/* End XCBuildConfiguration section */

/* Begin XCConfigurationList section */
		FCD7C15C1CCD0A9A00E2D986 /* Build configuration list for PBXProject "LongPressAnimation" */ = {
			isa = XCConfigurationList;
			buildConfigurations = (
				FCD7C1711CCD0A9A00E2D986 /* Debug */,
				FCD7C1721CCD0A9A00E2D986 /* Release */,
			);
			defaultConfigurationIsVisible = 0;
			defaultConfigurationName = Release;
		};
		FCD7C1731CCD0A9A00E2D986 /* Build configuration list for PBXNativeTarget "LongPressAnimation" */ = {
			isa = XCConfigurationList;
			buildConfigurations = (
				FCD7C1741CCD0A9A00E2D986 /* Debug */,
				FCD7C1751CCD0A9A00E2D986 /* Release */,
			);
			defaultConfigurationIsVisible = 0;
		};
/* End XCConfigurationList section */
	};
	rootObject = FCD7C1591CCD0A9A00E2D986 /* Project object */;
}
